// !$*UTF8*$!
{
	archiveVersion = 1;
	classes = {
	};
	objectVersion = 55;
	objects = {

/* Begin PBXBuildFile section */
		C301924F2705227800F9819C /* AppDelegate.swift in Sources */ = {isa = PBXBuildFile; fileRef = C301924E2705227800F9819C /* AppDelegate.swift */; };
		C30192512705227800F9819C /* SceneDelegate.swift in Sources */ = {isa = PBXBuildFile; fileRef = C30192502705227800F9819C /* SceneDelegate.swift */; };
		C30192532705227800F9819C /* ViewController.swift in Sources */ = {isa = PBXBuildFile; fileRef = C30192522705227800F9819C /* ViewController.swift */; };
		C30192562705227800F9819C /* Main.storyboard in Resources */ = {isa = PBXBuildFile; fileRef = C30192542705227800F9819C /* Main.storyboard */; };
		C30192582705227900F9819C /* Assets.xcassets in Resources */ = {isa = PBXBuildFile; fileRef = C30192572705227900F9819C /* Assets.xcassets */; };
		C301925B2705227900F9819C /* LaunchScreen.storyboard in Resources */ = {isa = PBXBuildFile; fileRef = C30192592705227900F9819C /* LaunchScreen.storyboard */; };
		C30192692705272900F9819C /* pet_practiceTests.swift in Sources */ = {isa = PBXBuildFile; fileRef = C30192682705272900F9819C /* pet_practiceTests.swift */; };
		C30192762705279A00F9819C /* pet_practiceUITests.swift in Sources */ = {isa = PBXBuildFile; fileRef = C30192752705279A00F9819C /* pet_practiceUITests.swift */; };
		C30192782705279A00F9819C /* pet_practiceUITestsLaunchTests.swift in Sources */ = {isa = PBXBuildFile; fileRef = C30192772705279A00F9819C /* pet_practiceUITestsLaunchTests.swift */; };
/* End PBXBuildFile section */

/* Begin PBXContainerItemProxy section */
		C301926A2705272900F9819C /* PBXContainerItemProxy */ = {
			isa = PBXContainerItemProxy;
			containerPortal = C30192432705227800F9819C /* Project object */;
			proxyType = 1;
			remoteGlobalIDString = C301924A2705227800F9819C;
			remoteInfo = pet_practice;
		};
		C30192792705279A00F9819C /* PBXContainerItemProxy */ = {
			isa = PBXContainerItemProxy;
			containerPortal = C30192432705227800F9819C /* Project object */;
			proxyType = 1;
			remoteGlobalIDString = C301924A2705227800F9819C;
			remoteInfo = pet_practice;
		};
/* End PBXContainerItemProxy section */

/* Begin PBXFileReference section */
		C301924B2705227800F9819C /* pet_practice.app */ = {isa = PBXFileReference; explicitFileType = wrapper.application; includeInIndex = 0; path = pet_practice.app; sourceTree = BUILT_PRODUCTS_DIR; };
		C301924E2705227800F9819C /* AppDelegate.swift */ = {isa = PBXFileReference; lastKnownFileType = sourcecode.swift; path = AppDelegate.swift; sourceTree = "<group>"; };
		C30192502705227800F9819C /* SceneDelegate.swift */ = {isa = PBXFileReference; lastKnownFileType = sourcecode.swift; path = SceneDelegate.swift; sourceTree = "<group>"; };
		C30192522705227800F9819C /* ViewController.swift */ = {isa = PBXFileReference; lastKnownFileType = sourcecode.swift; path = ViewController.swift; sourceTree = "<group>"; };
		C30192552705227800F9819C /* Base */ = {isa = PBXFileReference; lastKnownFileType = file.storyboard; name = Base; path = Base.lproj/Main.storyboard; sourceTree = "<group>"; };
		C30192572705227900F9819C /* Assets.xcassets */ = {isa = PBXFileReference; lastKnownFileType = folder.assetcatalog; path = Assets.xcassets; sourceTree = "<group>"; };
		C301925A2705227900F9819C /* Base */ = {isa = PBXFileReference; lastKnownFileType = file.storyboard; name = Base; path = Base.lproj/LaunchScreen.storyboard; sourceTree = "<group>"; };
		C301925C2705227900F9819C /* Info.plist */ = {isa = PBXFileReference; lastKnownFileType = text.plist.xml; path = Info.plist; sourceTree = "<group>"; };
		C30192662705272900F9819C /* pet_practiceTests.xctest */ = {isa = PBXFileReference; explicitFileType = wrapper.cfbundle; includeInIndex = 0; path = pet_practiceTests.xctest; sourceTree = BUILT_PRODUCTS_DIR; };
		C30192682705272900F9819C /* pet_practiceTests.swift */ = {isa = PBXFileReference; lastKnownFileType = sourcecode.swift; path = pet_practiceTests.swift; sourceTree = "<group>"; };
		C30192732705279A00F9819C /* pet_practiceUITests.xctest */ = {isa = PBXFileReference; explicitFileType = wrapper.cfbundle; includeInIndex = 0; path = pet_practiceUITests.xctest; sourceTree = BUILT_PRODUCTS_DIR; };
		C30192752705279A00F9819C /* pet_practiceUITests.swift */ = {isa = PBXFileReference; lastKnownFileType = sourcecode.swift; path = pet_practiceUITests.swift; sourceTree = "<group>"; };
		C30192772705279A00F9819C /* pet_practiceUITestsLaunchTests.swift */ = {isa = PBXFileReference; lastKnownFileType = sourcecode.swift; path = pet_practiceUITestsLaunchTests.swift; sourceTree = "<group>"; };
/* End PBXFileReference section */

/* Begin PBXFrameworksBuildPhase section */
		C30192482705227800F9819C /* Frameworks */ = {
			isa = PBXFrameworksBuildPhase;
			buildActionMask = 2147483647;
			files = (
			);
			runOnlyForDeploymentPostprocessing = 0;
		};
		C30192632705272900F9819C /* Frameworks */ = {
			isa = PBXFrameworksBuildPhase;
			buildActionMask = 2147483647;
			files = (
			);
			runOnlyForDeploymentPostprocessing = 0;
		};
		C30192702705279A00F9819C /* Frameworks */ = {
			isa = PBXFrameworksBuildPhase;
			buildActionMask = 2147483647;
			files = (
			);
			runOnlyForDeploymentPostprocessing = 0;
		};
/* End PBXFrameworksBuildPhase section */

/* Begin PBXGroup section */
		C30192422705227800F9819C = {
			isa = PBXGroup;
			children = (
				C301924D2705227800F9819C /* pet_practice */,
				C30192672705272900F9819C /* pet_practiceTests */,
				C30192742705279A00F9819C /* pet_practiceUITests */,
				C301924C2705227800F9819C /* Products */,
			);
			sourceTree = "<group>";
		};
		C301924C2705227800F9819C /* Products */ = {
			isa = PBXGroup;
			children = (
				C301924B2705227800F9819C /* pet_practice.app */,
				C30192662705272900F9819C /* pet_practiceTests.xctest */,
				C30192732705279A00F9819C /* pet_practiceUITests.xctest */,
			);
			name = Products;
			sourceTree = "<group>";
		};
		C301924D2705227800F9819C /* pet_practice */ = {
			isa = PBXGroup;
			children = (
				C301924E2705227800F9819C /* AppDelegate.swift */,
				C30192502705227800F9819C /* SceneDelegate.swift */,
				C30192522705227800F9819C /* ViewController.swift */,
				C30192542705227800F9819C /* Main.storyboard */,
				C30192572705227900F9819C /* Assets.xcassets */,
				C30192592705227900F9819C /* LaunchScreen.storyboard */,
				C301925C2705227900F9819C /* Info.plist */,
			);
			path = pet_practice;
			sourceTree = "<group>";
		};
		C30192672705272900F9819C /* pet_practiceTests */ = {
			isa = PBXGroup;
			children = (
				C30192682705272900F9819C /* pet_practiceTests.swift */,
			);
			path = pet_practiceTests;
			sourceTree = "<group>";
		};
		C30192742705279A00F9819C /* pet_practiceUITests */ = {
			isa = PBXGroup;
			children = (
				C30192752705279A00F9819C /* pet_practiceUITests.swift */,
				C30192772705279A00F9819C /* pet_practiceUITestsLaunchTests.swift */,
			);
			path = pet_practiceUITests;
			sourceTree = "<group>";
		};
/* End PBXGroup section */

/* Begin PBXNativeTarget section */
		C301924A2705227800F9819C /* pet_practice */ = {
			isa = PBXNativeTarget;
			buildConfigurationList = C301925F2705227900F9819C /* Build configuration list for PBXNativeTarget "pet_practice" */;
			buildPhases = (
				C30192472705227800F9819C /* Sources */,
				C30192482705227800F9819C /* Frameworks */,
				C30192492705227800F9819C /* Resources */,
			);
			buildRules = (
			);
			dependencies = (
			);
			name = pet_practice;
			productName = pet_practice;
			productReference = C301924B2705227800F9819C /* pet_practice.app */;
			productType = "com.apple.product-type.application";
		};
		C30192652705272900F9819C /* pet_practiceTests */ = {
			isa = PBXNativeTarget;
			buildConfigurationList = C301926E2705272900F9819C /* Build configuration list for PBXNativeTarget "pet_practiceTests" */;
			buildPhases = (
				C30192622705272900F9819C /* Sources */,
				C30192632705272900F9819C /* Frameworks */,
				C30192642705272900F9819C /* Resources */,
			);
			buildRules = (
			);
			dependencies = (
				C301926B2705272900F9819C /* PBXTargetDependency */,
			);
			name = pet_practiceTests;
			productName = pet_practiceTests;
			productReference = C30192662705272900F9819C /* pet_practiceTests.xctest */;
			productType = "com.apple.product-type.bundle.unit-test";
		};
		C30192722705279A00F9819C /* pet_practiceUITests */ = {
			isa = PBXNativeTarget;
			buildConfigurationList = C301927B2705279A00F9819C /* Build configuration list for PBXNativeTarget "pet_practiceUITests" */;
			buildPhases = (
				C301926F2705279A00F9819C /* Sources */,
				C30192702705279A00F9819C /* Frameworks */,
				C30192712705279A00F9819C /* Resources */,
			);
			buildRules = (
			);
			dependencies = (
				C301927A2705279A00F9819C /* PBXTargetDependency */,
			);
			name = pet_practiceUITests;
			productName = pet_practiceUITests;
			productReference = C30192732705279A00F9819C /* pet_practiceUITests.xctest */;
			productType = "com.apple.product-type.bundle.ui-testing";
		};
/* End PBXNativeTarget section */

/* Begin PBXProject section */
		C30192432705227800F9819C /* Project object */ = {
			isa = PBXProject;
			attributes = {
				BuildIndependentTargetsInParallel = 1;
				LastSwiftUpdateCheck = 1300;
				LastUpgradeCheck = 1300;
				TargetAttributes = {
					C301924A2705227800F9819C = {
						CreatedOnToolsVersion = 13.0;
					};
					C30192652705272900F9819C = {
						CreatedOnToolsVersion = 13.0;
						TestTargetID = C301924A2705227800F9819C;
					};
					C30192722705279A00F9819C = {
						CreatedOnToolsVersion = 13.0;
						TestTargetID = C301924A2705227800F9819C;
					};
				};
			};
			buildConfigurationList = C30192462705227800F9819C /* Build configuration list for PBXProject "pet_practice" */;
			compatibilityVersion = "Xcode 13.0";
			developmentRegion = en;
			hasScannedForEncodings = 0;
			knownRegions = (
				en,
				Base,
			);
			mainGroup = C30192422705227800F9819C;
			productRefGroup = C301924C2705227800F9819C /* Products */;
			projectDirPath = "";
			projectRoot = "";
			targets = (
				C301924A2705227800F9819C /* pet_practice */,
				C30192652705272900F9819C /* pet_practiceTests */,
				C30192722705279A00F9819C /* pet_practiceUITests */,
			);
		};
/* End PBXProject section */

/* Begin PBXResourcesBuildPhase section */
		C30192492705227800F9819C /* Resources */ = {
			isa = PBXResourcesBuildPhase;
			buildActionMask = 2147483647;
			files = (
				C301925B2705227900F9819C /* LaunchScreen.storyboard in Resources */,
				C30192582705227900F9819C /* Assets.xcassets in Resources */,
				C30192562705227800F9819C /* Main.storyboard in Resources */,
			);
			runOnlyForDeploymentPostprocessing = 0;
		};
		C30192642705272900F9819C /* Resources */ = {
			isa = PBXResourcesBuildPhase;
			buildActionMask = 2147483647;
			files = (
			);
			runOnlyForDeploymentPostprocessing = 0;
		};
		C30192712705279A00F9819C /* Resources */ = {
			isa = PBXResourcesBuildPhase;
			buildActionMask = 2147483647;
			files = (
			);
			runOnlyForDeploymentPostprocessing = 0;
		};
/* End PBXResourcesBuildPhase section */

/* Begin PBXSourcesBuildPhase section */
		C30192472705227800F9819C /* Sources */ = {
			isa = PBXSourcesBuildPhase;
			buildActionMask = 2147483647;
			files = (
				C30192532705227800F9819C /* ViewController.swift in Sources */,
				C301924F2705227800F9819C /* AppDelegate.swift in Sources */,
				C30192512705227800F9819C /* SceneDelegate.swift in Sources */,
			);
			runOnlyForDeploymentPostprocessing = 0;
		};
		C30192622705272900F9819C /* Sources */ = {
			isa = PBXSourcesBuildPhase;
			buildActionMask = 2147483647;
			files = (
				C30192692705272900F9819C /* pet_practiceTests.swift in Sources */,
			);
			runOnlyForDeploymentPostprocessing = 0;
		};
		C301926F2705279A00F9819C /* Sources */ = {
			isa = PBXSourcesBuildPhase;
			buildActionMask = 2147483647;
			files = (
				C30192762705279A00F9819C /* pet_practiceUITests.swift in Sources */,
				C30192782705279A00F9819C /* pet_practiceUITestsLaunchTests.swift in Sources */,
			);
			runOnlyForDeploymentPostprocessing = 0;
		};
/* End PBXSourcesBuildPhase section */

/* Begin PBXTargetDependency section */
		C301926B2705272900F9819C /* PBXTargetDependency */ = {
			isa = PBXTargetDependency;
			target = C301924A2705227800F9819C /* pet_practice */;
			targetProxy = C301926A2705272900F9819C /* PBXContainerItemProxy */;
		};
		C301927A2705279A00F9819C /* PBXTargetDependency */ = {
			isa = PBXTargetDependency;
			target = C301924A2705227800F9819C /* pet_practice */;
			targetProxy = C30192792705279A00F9819C /* PBXContainerItemProxy */;
		};
/* End PBXTargetDependency section */

/* Begin PBXVariantGroup section */
		C30192542705227800F9819C /* Main.storyboard */ = {
			isa = PBXVariantGroup;
			children = (
				C30192552705227800F9819C /* Base */,
			);
			name = Main.storyboard;
			sourceTree = "<group>";
		};
		C30192592705227900F9819C /* LaunchScreen.storyboard */ = {
			isa = PBXVariantGroup;
			children = (
				C301925A2705227900F9819C /* Base */,
			);
			name = LaunchScreen.storyboard;
			sourceTree = "<group>";
		};
/* End PBXVariantGroup section */

/* Begin XCBuildConfiguration section */
		C301925D2705227900F9819C /* Debug */ = {
			isa = XCBuildConfiguration;
			buildSettings = {
				ALWAYS_SEARCH_USER_PATHS = NO;
				CLANG_ANALYZER_NONNULL = YES;
				CLANG_ANALYZER_NUMBER_OBJECT_CONVERSION = YES_AGGRESSIVE;
				CLANG_CXX_LANGUAGE_STANDARD = "gnu++17";
				CLANG_CXX_LIBRARY = "libc++";
				CLANG_ENABLE_MODULES = YES;
				CLANG_ENABLE_OBJC_ARC = YES;
				CLANG_ENABLE_OBJC_WEAK = YES;
				CLANG_WARN_BLOCK_CAPTURE_AUTORELEASING = YES;
				CLANG_WARN_BOOL_CONVERSION = YES;
				CLANG_WARN_COMMA = YES;
				CLANG_WARN_CONSTANT_CONVERSION = YES;
				CLANG_WARN_DEPRECATED_OBJC_IMPLEMENTATIONS = YES;
				CLANG_WARN_DIRECT_OBJC_ISA_USAGE = YES_ERROR;
				CLANG_WARN_DOCUMENTATION_COMMENTS = YES;
				CLANG_WARN_EMPTY_BODY = YES;
				CLANG_WARN_ENUM_CONVERSION = YES;
				CLANG_WARN_INFINITE_RECURSION = YES;
				CLANG_WARN_INT_CONVERSION = YES;
				CLANG_WARN_NON_LITERAL_NULL_CONVERSION = YES;
				CLANG_WARN_OBJC_IMPLICIT_RETAIN_SELF = YES;
				CLANG_WARN_OBJC_LITERAL_CONVERSION = YES;
				CLANG_WARN_OBJC_ROOT_CLASS = YES_ERROR;
				CLANG_WARN_QUOTED_INCLUDE_IN_FRAMEWORK_HEADER = YES;
				CLANG_WARN_RANGE_LOOP_ANALYSIS = YES;
				CLANG_WARN_STRICT_PROTOTYPES = YES;
				CLANG_WARN_SUSPICIOUS_MOVE = YES;
				CLANG_WARN_UNGUARDED_AVAILABILITY = YES_AGGRESSIVE;
				CLANG_WARN_UNREACHABLE_CODE = YES;
				CLANG_WARN__DUPLICATE_METHOD_MATCH = YES;
				COPY_PHASE_STRIP = NO;
				DEBUG_INFORMATION_FORMAT = dwarf;
				ENABLE_STRICT_OBJC_MSGSEND = YES;
				ENABLE_TESTABILITY = YES;
				GCC_C_LANGUAGE_STANDARD = gnu11;
				GCC_DYNAMIC_NO_PIC = NO;
				GCC_NO_COMMON_BLOCKS = YES;
				GCC_OPTIMIZATION_LEVEL = 0;
				GCC_PREPROCESSOR_DEFINITIONS = (
					"DEBUG=1",
					"$(inherited)",
				);
				GCC_WARN_64_TO_32_BIT_CONVERSION = YES;
				GCC_WARN_ABOUT_RETURN_TYPE = YES_ERROR;
				GCC_WARN_UNDECLARED_SELECTOR = YES;
				GCC_WARN_UNINITIALIZED_AUTOS = YES_AGGRESSIVE;
				GCC_WARN_UNUSED_FUNCTION = YES;
				GCC_WARN_UNUSED_VARIABLE = YES;
				IPHONEOS_DEPLOYMENT_TARGET = 15.0;
				MTL_ENABLE_DEBUG_INFO = INCLUDE_SOURCE;
				MTL_FAST_MATH = YES;
				ONLY_ACTIVE_ARCH = YES;
				SDKROOT = iphoneos;
				SWIFT_ACTIVE_COMPILATION_CONDITIONS = DEBUG;
				SWIFT_OPTIMIZATION_LEVEL = "-Onone";
			};
			name = Debug;
		};
		C301925E2705227900F9819C /* Release */ = {
			isa = XCBuildConfiguration;
			buildSettings = {
				ALWAYS_SEARCH_USER_PATHS = NO;
				CLANG_ANALYZER_NONNULL = YES;
				CLANG_ANALYZER_NUMBER_OBJECT_CONVERSION = YES_AGGRESSIVE;
				CLANG_CXX_LANGUAGE_STANDARD = "gnu++17";
				CLANG_CXX_LIBRARY = "libc++";
				CLANG_ENABLE_MODULES = YES;
				CLANG_ENABLE_OBJC_ARC = YES;
				CLANG_ENABLE_OBJC_WEAK = YES;
				CLANG_WARN_BLOCK_CAPTURE_AUTORELEASING = YES;
				CLANG_WARN_BOOL_CONVERSION = YES;
				CLANG_WARN_COMMA = YES;
				CLANG_WARN_CONSTANT_CONVERSION = YES;
				CLANG_WARN_DEPRECATED_OBJC_IMPLEMENTATIONS = YES;
				CLANG_WARN_DIRECT_OBJC_ISA_USAGE = YES_ERROR;
				CLANG_WARN_DOCUMENTATION_COMMENTS = YES;
				CLANG_WARN_EMPTY_BODY = YES;
				CLANG_WARN_ENUM_CONVERSION = YES;
				CLANG_WARN_INFINITE_RECURSION = YES;
				CLANG_WARN_INT_CONVERSION = YES;
				CLANG_WARN_NON_LITERAL_NULL_CONVERSION = YES;
				CLANG_WARN_OBJC_IMPLICIT_RETAIN_SELF = YES;
				CLANG_WARN_OBJC_LITERAL_CONVERSION = YES;
				CLANG_WARN_OBJC_ROOT_CLASS = YES_ERROR;
				CLANG_WARN_QUOTED_INCLUDE_IN_FRAMEWORK_HEADER = YES;
				CLANG_WARN_RANGE_LOOP_ANALYSIS = YES;
				CLANG_WARN_STRICT_PROTOTYPES = YES;
				CLANG_WARN_SUSPICIOUS_MOVE = YES;
				CLANG_WARN_UNGUARDED_AVAILABILITY = YES_AGGRESSIVE;
				CLANG_WARN_UNREACHABLE_CODE = YES;
				CLANG_WARN__DUPLICATE_METHOD_MATCH = YES;
				COPY_PHASE_STRIP = NO;
				DEBUG_INFORMATION_FORMAT = "dwarf-with-dsym";
				ENABLE_NS_ASSERTIONS = NO;
				ENABLE_STRICT_OBJC_MSGSEND = YES;
				GCC_C_LANGUAGE_STANDARD = gnu11;
				GCC_NO_COMMON_BLOCKS = YES;
				GCC_WARN_64_TO_32_BIT_CONVERSION = YES;
				GCC_WARN_ABOUT_RETURN_TYPE = YES_ERROR;
				GCC_WARN_UNDECLARED_SELECTOR = YES;
				GCC_WARN_UNINITIALIZED_AUTOS = YES_AGGRESSIVE;
				GCC_WARN_UNUSED_FUNCTION = YES;
				GCC_WARN_UNUSED_VARIABLE = YES;
				IPHONEOS_DEPLOYMENT_TARGET = 15.0;
				MTL_ENABLE_DEBUG_INFO = NO;
				MTL_FAST_MATH = YES;
				SDKROOT = iphoneos;
				SWIFT_COMPILATION_MODE = wholemodule;
				SWIFT_OPTIMIZATION_LEVEL = "-O";
				VALIDATE_PRODUCT = YES;
			};
			name = Release;
		};
		C30192602705227900F9819C /* Debug */ = {
			isa = XCBuildConfiguration;
			buildSettings = {
				ASSETCATALOG_COMPILER_APPICON_NAME = AppIcon;
				ASSETCATALOG_COMPILER_GLOBAL_ACCENT_COLOR_NAME = AccentColor;
				CODE_SIGN_STYLE = Automatic;
				CURRENT_PROJECT_VERSION = 1;
				GENERATE_INFOPLIST_FILE = YES;
				INFOPLIST_FILE = pet_practice/Info.plist;
				INFOPLIST_KEY_UIApplicationSupportsIndirectInputEvents = YES;
				INFOPLIST_KEY_UILaunchStoryboardName = LaunchScreen;
				INFOPLIST_KEY_UIMainStoryboardFile = Main;
				INFOPLIST_KEY_UISupportedInterfaceOrientations_iPad = "UIInterfaceOrientationPortrait UIInterfaceOrientationPortraitUpsideDown UIInterfaceOrientationLandscapeLeft UIInterfaceOrientationLandscapeRight";
				INFOPLIST_KEY_UISupportedInterfaceOrientations_iPhone = "UIInterfaceOrientationPortrait UIInterfaceOrientationLandscapeLeft UIInterfaceOrientationLandscapeRight";
				LD_RUNPATH_SEARCH_PATHS = (
					"$(inherited)",
					"@executable_path/Frameworks",
				);
				MARKETING_VERSION = 1.0;
				PRODUCT_BUNDLE_IDENTIFIER = "self.morari.vv.pet-practice";
				PRODUCT_NAME = "$(TARGET_NAME)";
				SWIFT_EMIT_LOC_STRINGS = YES;
				SWIFT_VERSION = 5.0;
				TARGETED_DEVICE_FAMILY = "1,2";
			};
			name = Debug;
		};
		C30192612705227900F9819C /* Release */ = {
			isa = XCBuildConfiguration;
			buildSettings = {
				ASSETCATALOG_COMPILER_APPICON_NAME = AppIcon;
				ASSETCATALOG_COMPILER_GLOBAL_ACCENT_COLOR_NAME = AccentColor;
				CODE_SIGN_STYLE = Automatic;
				CURRENT_PROJECT_VERSION = 1;
				GENERATE_INFOPLIST_FILE = YES;
				INFOPLIST_FILE = pet_practice/Info.plist;
				INFOPLIST_KEY_UIApplicationSupportsIndirectInputEvents = YES;
				INFOPLIST_KEY_UILaunchStoryboardName = LaunchScreen;
				INFOPLIST_KEY_UIMainStoryboardFile = Main;
				INFOPLIST_KEY_UISupportedInterfaceOrientations_iPad = "UIInterfaceOrientationPortrait UIInterfaceOrientationPortraitUpsideDown UIInterfaceOrientationLandscapeLeft UIInterfaceOrientationLandscapeRight";
				INFOPLIST_KEY_UISupportedInterfaceOrientations_iPhone = "UIInterfaceOrientationPortrait UIInterfaceOrientationLandscapeLeft UIInterfaceOrientationLandscapeRight";
				LD_RUNPATH_SEARCH_PATHS = (
					"$(inherited)",
					"@executable_path/Frameworks",
				);
				MARKETING_VERSION = 1.0;
				PRODUCT_BUNDLE_IDENTIFIER = "self.morari.vv.pet-practice";
				PRODUCT_NAME = "$(TARGET_NAME)";
				SWIFT_EMIT_LOC_STRINGS = YES;
				SWIFT_VERSION = 5.0;
				TARGETED_DEVICE_FAMILY = "1,2";
			};
			name = Release;
		};
		C301926C2705272900F9819C /* Debug */ = {
			isa = XCBuildConfiguration;
			buildSettings = {
				BUNDLE_LOADER = "$(TEST_HOST)";
				CODE_SIGN_STYLE = Automatic;
				CURRENT_PROJECT_VERSION = 1;
				GENERATE_INFOPLIST_FILE = YES;
				LD_RUNPATH_SEARCH_PATHS = (
					"$(inherited)",
					"@executable_path/Frameworks",
					"@loader_path/Frameworks",
				);
				MARKETING_VERSION = 1.0;
				PRODUCT_BUNDLE_IDENTIFIER = "self.morari.vv.pet-practiceTests";
				PRODUCT_NAME = "$(TARGET_NAME)";
				SWIFT_EMIT_LOC_STRINGS = NO;
				SWIFT_VERSION = 5.0;
				TARGETED_DEVICE_FAMILY = "1,2";
				TEST_HOST = "$(BUILT_PRODUCTS_DIR)/pet_practice.app/pet_practice";
			};
			name = Debug;
		};
		C301926D2705272900F9819C /* Release */ = {
			isa = XCBuildConfiguration;
			buildSettings = {
				BUNDLE_LOADER = "$(TEST_HOST)";
				CODE_SIGN_STYLE = Automatic;
				CURRENT_PROJECT_VERSION = 1;
				GENERATE_INFOPLIST_FILE = YES;
				LD_RUNPATH_SEARCH_PATHS = (
					"$(inherited)",
					"@executable_path/Frameworks",
					"@loader_path/Frameworks",
				);
				MARKETING_VERSION = 1.0;
				PRODUCT_BUNDLE_IDENTIFIER = "self.morari.vv.pet-practiceTests";
				PRODUCT_NAME = "$(TARGET_NAME)";
				SWIFT_EMIT_LOC_STRINGS = NO;
				SWIFT_VERSION = 5.0;
				TARGETED_DEVICE_FAMILY = "1,2";
				TEST_HOST = "$(BUILT_PRODUCTS_DIR)/pet_practice.app/pet_practice";
			};
			name = Release;
		};
		C301927C2705279A00F9819C /* Debug */ = {
			isa = XCBuildConfiguration;
			buildSettings = {
				CODE_SIGN_STYLE = Automatic;
				CURRENT_PROJECT_VERSION = 1;
				GENERATE_INFOPLIST_FILE = YES;
				LD_RUNPATH_SEARCH_PATHS = (
					"$(inherited)",
					"@executable_path/Frameworks",
					"@loader_path/Frameworks",
				);
				MARKETING_VERSION = 1.0;
				PRODUCT_BUNDLE_IDENTIFIER = "self.morari.vv.pet-practiceUITests";
				PRODUCT_NAME = "$(TARGET_NAME)";
				SWIFT_EMIT_LOC_STRINGS = NO;
				SWIFT_VERSION = 5.0;
				TARGETED_DEVICE_FAMILY = "1,2";
				TEST_TARGET_NAME = pet_practice;
			};
			name = Debug;
		};
		C301927D2705279A00F9819C /* Release */ = {
			isa = XCBuildConfiguration;
			buildSettings = {
				CODE_SIGN_STYLE = Automatic;
				CURRENT_PROJECT_VERSION = 1;
				GENERATE_INFOPLIST_FILE = YES;
				LD_RUNPATH_SEARCH_PATHS = (
					"$(inherited)",
					"@executable_path/Frameworks",
					"@loader_path/Frameworks",
				);
				MARKETING_VERSION = 1.0;
				PRODUCT_BUNDLE_IDENTIFIER = "self.morari.vv.pet-practiceUITests";
				PRODUCT_NAME = "$(TARGET_NAME)";
				SWIFT_EMIT_LOC_STRINGS = NO;
				SWIFT_VERSION = 5.0;
				TARGETED_DEVICE_FAMILY = "1,2";
				TEST_TARGET_NAME = pet_practice;
			};
			name = Release;
		};
/* End XCBuildConfiguration section */

/* Begin XCConfigurationList section */
		C30192462705227800F9819C /* Build configuration list for PBXProject "pet_practice" */ = {
			isa = XCConfigurationList;
			buildConfigurations = (
				C301925D2705227900F9819C /* Debug */,
				C301925E2705227900F9819C /* Release */,
			);
			defaultConfigurationIsVisible = 0;
			defaultConfigurationName = Release;
		};
		C301925F2705227900F9819C /* Build configuration list for PBXNativeTarget "pet_practice" */ = {
			isa = XCConfigurationList;
			buildConfigurations = (
				C30192602705227900F9819C /* Debug */,
				C30192612705227900F9819C /* Release */,
			);
			defaultConfigurationIsVisible = 0;
			defaultConfigurationName = Release;
		};
		C301926E2705272900F9819C /* Build configuration list for PBXNativeTarget "pet_practiceTests" */ = {
			isa = XCConfigurationList;
			buildConfigurations = (
				C301926C2705272900F9819C /* Debug */,
				C301926D2705272900F9819C /* Release */,
			);
			defaultConfigurationIsVisible = 0;
			defaultConfigurationName = Release;
		};
		C301927B2705279A00F9819C /* Build configuration list for PBXNativeTarget "pet_practiceUITests" */ = {
			isa = XCConfigurationList;
			buildConfigurations = (
				C301927C2705279A00F9819C /* Debug */,
				C301927D2705279A00F9819C /* Release */,
			);
			defaultConfigurationIsVisible = 0;
			defaultConfigurationName = Release;
		};
/* End XCConfigurationList section */
	};
	rootObject = C30192432705227800F9819C /* Project object */;
}
